
Microsoft Visual Studio Solution File, Format Version 12.00
# Visual Studio 15
VisualStudioVersion = 15.0.28010.2026
MinimumVisualStudioVersion = 10.0.40219.1
Project("{FAE04EC0-301F-11D3-BF4B-00C04F79EFBC}") = "p096_sudoku", "p096_sudoku\p096_sudoku.csproj", "{B9D1B8D8-2773-41DA-B2D4-89DBE9BEA32B}"
EndProject
Global
	GlobalSection(SolutionConfigurationPlatforms) = preSolution
		Debug|Any CPU = Debug|Any CPU
		Release|Any CPU = Release|Any CPU
	EndGlobalSection
	GlobalSection(ProjectConfigurationPlatforms) = postSolution
		{B9D1B8D8-2773-41DA-B2D4-89DBE9BEA32B}.Debug|Any CPU.ActiveCfg = Debug|Any CPU
		{B9D1B8D8-2773-41DA-B2D4-89DBE9BEA32B}.Debug|Any CPU.Build.0 = Debug|Any CPU
		{B9D1B8D8-2773-41DA-B2D4-89DBE9BEA32B}.Release|Any CPU.ActiveCfg = Release|Any CPU
		{B9D1B8D8-2773-41DA-B2D4-89DBE9BEA32B}.Release|Any CPU.Build.0 = Release|Any CPU
	EndGlobalSection
	GlobalSection(SolutionProperties) = preSolution
		HideSolutionNode = FALSE
	EndGlobalSection
	GlobalSection(ExtensibilityGlobals) = postSolution
		SolutionGuid = {21FF7EBE-76DB-4178-889E-25760BAF0EF4}
	EndGlobalSection
EndGlobal
